{
  "name": "@gyga-browser/webmcp-workflow",
  "version": "0.6.0",
  "lockfileVersion": 3,
  "requires": true,
  "packages": {
    "": {
      "name": "@gyga-browser/webmcp-workflow",
      "version": "0.6.0",
      "license": "MIT",
      "bin": {
        "webmcp-workflow": "bin/webmcp-workflow-cli.js",
        "webmcp-workflow-cli": "bin/webmcp-workflow-cli.js"
      },
      "engines": {
        "node": ">=18"
      }
    }
  }
}
